
Microsoft Visual Studio Solution File, Format Version 12.00
# Visual Studio 15
Project("{FAE04EC0-301F-11D3-BF4B-00C04F79EFBC}") = "Assembly-CSharp", "Assembly-CSharp.csproj", "{7D6FC59A-9C8A-06BC-EE34-6D3716BFE92B}"
EndProject
Project("{FAE04EC0-301F-11D3-BF4B-00C04F79EFBC}") = "Assembly-CSharp-Editor", "Assembly-CSharp-Editor.csproj", "{93C10374-7B6D-F126-640D-B8DA999A0966}"
EndProject
Global
	GlobalSection(SolutionConfigurationPlatforms) = preSolution
		Debug|Any CPU = Debug|Any CPU
		Release|Any CPU = Release|Any CPU
	EndGlobalSection
	GlobalSection(ProjectConfigurationPlatforms) = postSolution
		{7D6FC59A-9C8A-06BC-EE34-6D3716BFE92B}.Debug|Any CPU.ActiveCfg = Debug|Any CPU
		{7D6FC59A-9C8A-06BC-EE34-6D3716BFE92B}.Debug|Any CPU.Build.0 = Debug|Any CPU
		{7D6FC59A-9C8A-06BC-EE34-6D3716BFE92B}.Release|Any CPU.ActiveCfg = Release|Any CPU
		{7D6FC59A-9C8A-06BC-EE34-6D3716BFE92B}.Release|Any CPU.Build.0 = Release|Any CPU
		{93C10374-7B6D-F126-640D-B8DA999A0966}.Debug|Any CPU.ActiveCfg = Debug|Any CPU
		{93C10374-7B6D-F126-640D-B8DA999A0966}.Debug|Any CPU.Build.0 = Debug|Any CPU
		{93C10374-7B6D-F126-640D-B8DA999A0966}.Release|Any CPU.ActiveCfg = Release|Any CPU
		{93C10374-7B6D-F126-640D-B8DA999A0966}.Release|Any CPU.Build.0 = Release|Any CPU
	EndGlobalSection
	GlobalSection(SolutionProperties) = preSolution
		HideSolutionNode = FALSE
	EndGlobalSection
	GlobalSection(MonoDevelopProperties) = preSolution
		StartupItem = Assembly-CSharp.csproj
	EndGlobalSection
EndGlobal
